{
  "object": {
    "pins": [
      {
        "package": "Aegithalos",
        "repositoryURL": "https://github.com/miquido/aegithalos.git",
        "state": {
          "branch": null,
          "revision": "7665e92ef9df1273c1a2bc6ee2a2ec78ebfd082c",
          "version": "2.2.0"
        }
      }
    ]
  },
  "version": 1
}
