{
  "pins" : [
    {
      "identity" : "aegithalos",
      "kind" : "remoteSourceControl",
      "location" : "https://github.com/miquido/aegithalos.git",
      "state" : {
        "revision" : "327b70e5b5e4cf4ad54dcfd52008551bbb38ecd4",
        "version" : "2.3.1"
      }
    },
    {
      "identity" : "swift-collections",
      "kind" : "remoteSourceControl",
      "location" : "https://github.com/apple/swift-collections.git",
      "state" : {
        "revision" : "48254824bb4248676bf7ce56014ff57b142b77eb",
        "version" : "1.0.2"
      }
    }
  ],
  "version" : 2
}
