{
  "object": {
    "pins": [
      {
        "package": "Aegithalos",
        "repositoryURL": "https://github.com/miquido/aegithalos.git",
        "state": {
          "branch": null,
          "revision": "4415687aabb0cb5afec0cd98b041c1777b184d13",
          "version": "2.1.0"
        }
      }
    ]
  },
  "version": 1
}
