<?xml version="1.0" encoding="UTF-8"?>
<Scheme
   LastUpgradeVersion = "1240"
   version = "1.7">
   <BuildAction
      parallelizeBuildables = "YES"
      buildImplicitDependencies = "YES">
      <BuildActionEntries>
         <BuildActionEntry
            buildForTesting = "YES"
            buildForRunning = "YES"
            buildForProfiling = "YES"
            buildForArchiving = "YES"
            buildForAnalyzing = "YES">
            <BuildableReference
               BuildableIdentifier = "primary"
               BlueprintIdentifier = "DD38F93D261746C400A6C627"
               BuildableName = "Passbolt.app"
               BlueprintName = "Passbolt"
               ReferencedContainer = "container:Passbolt.xcodeproj">
            </BuildableReference>
         </BuildActionEntry>
      </BuildActionEntries>
   </BuildAction>
   <TestAction
      buildConfiguration = "Debug"
      selectedDebuggerIdentifier = "Xcode.DebuggerFoundation.Debugger.LLDB"
      selectedLauncherIdentifier = "Xcode.DebuggerFoundation.Launcher.LLDB"
      shouldUseLaunchSchemeArgsEnv = "YES">
      <TestPlans>
         <TestPlanReference
            reference = "container:TestPlan.xctestplan"
            default = "YES">
         </TestPlanReference>
      </TestPlans>
      <Testables>
         <TestableReference
            skipped = "NO"
            parallelizable = "YES"
            testExecutionOrdering = "random">
            <BuildableReference
               BuildableIdentifier = "primary"
               BlueprintIdentifier = "PassboltAppTests"
               BuildableName = "PassboltAppTests"
               BlueprintName = "PassboltAppTests"
               ReferencedContainer = "container:PassboltPackage">
            </BuildableReference>
         </TestableReference>
         <TestableReference
            skipped = "NO">
            <BuildableReference
               BuildableIdentifier = "primary"
               BlueprintIdentifier = "PassboltExtensionTests"
               BuildableName = "PassboltExtensionTests"
               BlueprintName = "PassboltExtensionTests"
               ReferencedContainer = "container:PassboltPackage">
            </BuildableReference>
         </TestableReference>
      </Testables>
   </TestAction>
   <LaunchAction
      buildConfiguration = "Debug"
      selectedDebuggerIdentifier = "Xcode.DebuggerFoundation.Debugger.LLDB"
      selectedLauncherIdentifier = "Xcode.DebuggerFoundation.Launcher.LLDB"
      enableAddressSanitizer = "YES"
      enableASanStackUseAfterReturn = "YES"
      launchStyle = "0"
      useCustomWorkingDirectory = "NO"
      ignoresPersistentStateOnLaunch = "NO"
      debugDocumentVersioning = "YES"
      debugServiceExtension = "internal"
      allowLocationSimulation = "YES">
      <BuildableProductRunnable
         runnableDebuggingMode = "0">
         <BuildableReference
            BuildableIdentifier = "primary"
            BlueprintIdentifier = "DD38F93D261746C400A6C627"
            BuildableName = "Passbolt.app"
            BlueprintName = "Passbolt"
            ReferencedContainer = "container:Passbolt.xcodeproj">
         </BuildableReference>
      </BuildableProductRunnable>
      <CommandLineArguments>
         <CommandLineArgument
            argument = "-com.apple.configuration.managed &lt;dict&gt;&lt;key&gt;transferedAccountData&lt;/key&gt;&lt;dict&gt;&lt;key&gt;userID&lt;/key&gt;&lt;string&gt;USER_ID_HERE&lt;/string&gt;&lt;key&gt;domain&lt;/key&gt;&lt;string&gt;https://passbolt.dev\&lt;/string&gt;&lt;key&gt;username&lt;/key&gt;&lt;string&gt;USERNAME_HERE&lt;/string&gt;&lt;key&gt;firstName&lt;/key&gt;&lt;string&gt;FIRST_NAME_HERE&lt;/string&gt;&lt;key&gt;lastName&lt;/key&gt;&lt;string&gt;LAST_NAME_HERE&lt;/string&gt;&lt;key&gt;avatarImagePath&lt;/key&gt;&lt;string&gt;AVATAR_IMAGE_PATH_HERE&lt;/string&gt;&lt;key&gt;fingerprint&lt;/key&gt;&lt;string&gt;FINGERPRINT_HERE&lt;/string&gt;&lt;key&gt;armoredKey&lt;/key&gt;&lt;string&gt;ARMORED_KEY_HERE&lt;/string&gt;&lt;/dict&gt;&lt;/dict&gt;"
            isEnabled = "NO">
         </CommandLineArgument>
      </CommandLineArguments>
   </LaunchAction>
   <ProfileAction
      buildConfiguration = "Release"
      shouldUseLaunchSchemeArgsEnv = "YES"
      savedToolIdentifier = ""
      useCustomWorkingDirectory = "NO"
      debugDocumentVersioning = "YES">
      <BuildableProductRunnable
         runnableDebuggingMode = "0">
         <BuildableReference
            BuildableIdentifier = "primary"
            BlueprintIdentifier = "DD38F93D261746C400A6C627"
            BuildableName = "Passbolt.app"
            BlueprintName = "Passbolt"
            ReferencedContainer = "container:Passbolt.xcodeproj">
         </BuildableReference>
      </BuildableProductRunnable>
   </ProfileAction>
   <AnalyzeAction
      buildConfiguration = "Debug">
   </AnalyzeAction>
   <ArchiveAction
      buildConfiguration = "Release"
      revealArchiveInOrganizer = "YES">
   </ArchiveAction>
</Scheme>
